PODS:
  - ExpandableTableViewController (2.1)
  - paper-onboarding (4.1.0)

DEPENDENCIES:
  - ExpandableTableViewController
  - paper-onboarding

SPEC REPOS:
  https://github.com/cocoapods/specs.git:
    - ExpandableTableViewController
    - paper-onboarding

SPEC CHECKSUMS:
  ExpandableTableViewController: 7a97b8cf60f044b588255a01176cafa5ce2b7438
  paper-onboarding: 344780cbb0bfc229cd1862f5b9bba446b23c5185

PODFILE CHECKSUM: 903534f503c258c2e6f97dbd3f74b01da8afe1cc

COCOAPODS: 1.5.3
